// !$*UTF8*$!
{
	archiveVersion = 1;
	classes = {
	};
	objectVersion = 77;
	objects = {

/* Begin PBXBuildFile section */
		A762B60F2DC15F3F00638D71 /* ConfettiSwiftUI in Frameworks */ = {isa = PBXBuildFile; productRef = A762B60E2DC15F3F00638D71 /* ConfettiSwiftUI */; };
/* End PBXBuildFile section */

/* Begin PBXContainerItemProxy section */
		A762B5EE2DC149AC00638D71 /* PBXContainerItemProxy */ = {
			isa = PBXContainerItemProxy;
			containerPortal = A762B5D62DC149AB00638D71 /* Project object */;
			proxyType = 1;
			remoteGlobalIDString = A762B5DD2DC149AB00638D71;
			remoteInfo = OneBigThing;
		};
		A762B5F82DC149AC00638D71 /* PBXContainerItemProxy */ = {
			isa = PBXContainerItemProxy;
			containerPortal = A762B5D62DC149AB00638D71 /* Project object */;
			proxyType = 1;
			remoteGlobalIDString = A762B5DD2DC149AB00638D71;
			remoteInfo = OneBigThing;
		};
/* End PBXContainerItemProxy section */

/* Begin PBXFileReference section */
		A762B5DE2DC149AB00638D71 /* OneBigThing.app */ = {isa = PBXFileReference; explicitFileType = wrapper.application; includeInIndex = 0; path = OneBigThing.app; sourceTree = BUILT_PRODUCTS_DIR; };
		A762B5ED2DC149AC00638D71 /* OneBigThingTests.xctest */ = {isa = PBXFileReference; explicitFileType = wrapper.cfbundle; includeInIndex = 0; path = OneBigThingTests.xctest; sourceTree = BUILT_PRODUCTS_DIR; };
		A762B5F72DC149AC00638D71 /* OneBigThingUITests.xctest */ = {isa = PBXFileReference; explicitFileType = wrapper.cfbundle; includeInIndex = 0; path = OneBigThingUITests.xctest; sourceTree = BUILT_PRODUCTS_DIR; };
/* End PBXFileReference section */

/* Begin PBXFileSystemSynchronizedRootGroup section */
		A762B5E02DC149AB00638D71 /* OneBigThing */ = {
			isa = PBXFileSystemSynchronizedRootGroup;
			path = OneBigThing;
			sourceTree = "<group>";
		};
		A762B5F02DC149AC00638D71 /* OneBigThingTests */ = {
			isa = PBXFileSystemSynchronizedRootGroup;
			path = OneBigThingTests;
			sourceTree = "<group>";
		};
		A762B5FA2DC149AC00638D71 /* OneBigThingUITests */ = {
			isa = PBXFileSystemSynchronizedRootGroup;
			path = OneBigThingUITests;
			sourceTree = "<group>";
		};
/* End PBXFileSystemSynchronizedRootGroup section */

/* Begin PBXFrameworksBuildPhase section */
		A762B5DB2DC149AB00638D71 /* Frameworks */ = {
			isa = PBXFrameworksBuildPhase;
			buildActionMask = 2147483647;
			files = (
				A762B60F2DC15F3F00638D71 /* ConfettiSwiftUI in Frameworks */,
			);
			runOnlyForDeploymentPostprocessing = 0;
		};
		A762B5EA2DC149AC00638D71 /* Frameworks */ = {
			isa = PBXFrameworksBuildPhase;
			buildActionMask = 2147483647;
			files = (
			);
			runOnlyForDeploymentPostprocessing = 0;
		};
		A762B5F42DC149AC00638D71 /* Frameworks */ = {
			isa = PBXFrameworksBuildPhase;
			buildActionMask = 2147483647;
			files = (
			);
			runOnlyForDeploymentPostprocessing = 0;
		};
/* End PBXFrameworksBuildPhase section */

/* Begin PBXGroup section */
		A762B5D52DC149AB00638D71 = {
			isa = PBXGroup;
			children = (
				A762B5E02DC149AB00638D71 /* OneBigThing */,
				A762B5F02DC149AC00638D71 /* OneBigThingTests */,
				A762B5FA2DC149AC00638D71 /* OneBigThingUITests */,
				A762B5DF2DC149AB00638D71 /* Products */,
			);
			sourceTree = "<group>";
		};
		A762B5DF2DC149AB00638D71 /* Products */ = {
			isa = PBXGroup;
			children = (
				A762B5DE2DC149AB00638D71 /* OneBigThing.app */,
				A762B5ED2DC149AC00638D71 /* OneBigThingTests.xctest */,
				A762B5F72DC149AC00638D71 /* OneBigThingUITests.xctest */,
			);
			name = Products;
			sourceTree = "<group>";
		};
/* End PBXGroup section */

/* Begin PBXNativeTarget section */
		A762B5DD2DC149AB00638D71 /* OneBigThing */ = {
			isa = PBXNativeTarget;
			buildConfigurationList = A762B6012DC149AC00638D71 /* Build configuration list for PBXNativeTarget "OneBigThing" */;
			buildPhases = (
				A762B5DA2DC149AB00638D71 /* Sources */,
				A762B5DB2DC149AB00638D71 /* Frameworks */,
				A762B5DC2DC149AB00638D71 /* Resources */,
			);
			buildRules = (
			);
			dependencies = (
			);
			fileSystemSynchronizedGroups = (
				A762B5E02DC149AB00638D71 /* OneBigThing */,
			);
			name = OneBigThing;
			packageProductDependencies = (
				A762B60E2DC15F3F00638D71 /* ConfettiSwiftUI */,
			);
			productName = OneBigThing;
			productReference = A762B5DE2DC149AB00638D71 /* OneBigThing.app */;
			productType = "com.apple.product-type.application";
		};
		A762B5EC2DC149AC00638D71 /* OneBigThingTests */ = {
			isa = PBXNativeTarget;
			buildConfigurationList = A762B6042DC149AC00638D71 /* Build configuration list for PBXNativeTarget "OneBigThingTests" */;
			buildPhases = (
				A762B5E92DC149AC00638D71 /* Sources */,
				A762B5EA2DC149AC00638D71 /* Frameworks */,
				A762B5EB2DC149AC00638D71 /* Resources */,
			);
			buildRules = (
			);
			dependencies = (
				A762B5EF2DC149AC00638D71 /* PBXTargetDependency */,
			);
			fileSystemSynchronizedGroups = (
				A762B5F02DC149AC00638D71 /* OneBigThingTests */,
			);
			name = OneBigThingTests;
			packageProductDependencies = (
			);
			productName = OneBigThingTests;
			productReference = A762B5ED2DC149AC00638D71 /* OneBigThingTests.xctest */;
			productType = "com.apple.product-type.bundle.unit-test";
		};
		A762B5F62DC149AC00638D71 /* OneBigThingUITests */ = {
			isa = PBXNativeTarget;
			buildConfigurationList = A762B6072DC149AC00638D71 /* Build configuration list for PBXNativeTarget "OneBigThingUITests" */;
			buildPhases = (
				A762B5F32DC149AC00638D71 /* Sources */,
				A762B5F42DC149AC00638D71 /* Frameworks */,
				A762B5F52DC149AC00638D71 /* Resources */,
			);
			buildRules = (
			);
			dependencies = (
				A762B5F92DC149AC00638D71 /* PBXTargetDependency */,
			);
			fileSystemSynchronizedGroups = (
				A762B5FA2DC149AC00638D71 /* OneBigThingUITests */,
			);
			name = OneBigThingUITests;
			packageProductDependencies = (
			);
			productName = OneBigThingUITests;
			productReference = A762B5F72DC149AC00638D71 /* OneBigThingUITests.xctest */;
			productType = "com.apple.product-type.bundle.ui-testing";
		};
/* End PBXNativeTarget section */

/* Begin PBXProject section */
		A762B5D62DC149AB00638D71 /* Project object */ = {
			isa = PBXProject;
			attributes = {
				BuildIndependentTargetsInParallel = 1;
				LastSwiftUpdateCheck = 1630;
				LastUpgradeCheck = 1630;
				TargetAttributes = {
					A762B5DD2DC149AB00638D71 = {
						CreatedOnToolsVersion = 16.3;
					};
					A762B5EC2DC149AC00638D71 = {
						CreatedOnToolsVersion = 16.3;
						TestTargetID = A762B5DD2DC149AB00638D71;
					};
					A762B5F62DC149AC00638D71 = {
						CreatedOnToolsVersion = 16.3;
						TestTargetID = A762B5DD2DC149AB00638D71;
					};
				};
			};
			buildConfigurationList = A762B5D92DC149AB00638D71 /* Build configuration list for PBXProject "OneBigThing" */;
			developmentRegion = en;
			hasScannedForEncodings = 0;
			knownRegions = (
				en,
				Base,
			);
			mainGroup = A762B5D52DC149AB00638D71;
			minimizedProjectReferenceProxies = 1;
			packageReferences = (
				A762B60D2DC15F3F00638D71 /* XCRemoteSwiftPackageReference "ConfettiSwiftUI" */,
			);
			preferredProjectObjectVersion = 77;
			productRefGroup = A762B5DF2DC149AB00638D71 /* Products */;
			projectDirPath = "";
			projectRoot = "";
			targets = (
				A762B5DD2DC149AB00638D71 /* OneBigThing */,
				A762B5EC2DC149AC00638D71 /* OneBigThingTests */,
				A762B5F62DC149AC00638D71 /* OneBigThingUITests */,
			);
		};
/* End PBXProject section */

/* Begin PBXResourcesBuildPhase section */
		A762B5DC2DC149AB00638D71 /* Resources */ = {
			isa = PBXResourcesBuildPhase;
			buildActionMask = 2147483647;
			files = (
			);
			runOnlyForDeploymentPostprocessing = 0;
		};
		A762B5EB2DC149AC00638D71 /* Resources */ = {
			isa = PBXResourcesBuildPhase;
			buildActionMask = 2147483647;
			files = (
			);
			runOnlyForDeploymentPostprocessing = 0;
		};
		A762B5F52DC149AC00638D71 /* Resources */ = {
			isa = PBXResourcesBuildPhase;
			buildActionMask = 2147483647;
			files = (
			);
			runOnlyForDeploymentPostprocessing = 0;
		};
/* End PBXResourcesBuildPhase section */

/* Begin PBXSourcesBuildPhase section */
		A762B5DA2DC149AB00638D71 /* Sources */ = {
			isa = PBXSourcesBuildPhase;
			buildActionMask = 2147483647;
			files = (
			);
			runOnlyForDeploymentPostprocessing = 0;
		};
		A762B5E92DC149AC00638D71 /* Sources */ = {
			isa = PBXSourcesBuildPhase;
			buildActionMask = 2147483647;
			files = (
			);
			runOnlyForDeploymentPostprocessing = 0;
		};
		A762B5F32DC149AC00638D71 /* Sources */ = {
			isa = PBXSourcesBuildPhase;
			buildActionMask = 2147483647;
			files = (
			);
			runOnlyForDeploymentPostprocessing = 0;
		};
/* End PBXSourcesBuildPhase section */

/* Begin PBXTargetDependency section */
		A762B5EF2DC149AC00638D71 /* PBXTargetDependency */ = {
			isa = PBXTargetDependency;
			target = A762B5DD2DC149AB00638D71 /* OneBigThing */;
			targetProxy = A762B5EE2DC149AC00638D71 /* PBXContainerItemProxy */;
		};
		A762B5F92DC149AC00638D71 /* PBXTargetDependency */ = {
			isa = PBXTargetDependency;
			target = A762B5DD2DC149AB00638D71 /* OneBigThing */;
			targetProxy = A762B5F82DC149AC00638D71 /* PBXContainerItemProxy */;
		};
/* End PBXTargetDependency section */

/* Begin XCBuildConfiguration section */
		A762B5FF2DC149AC00638D71 /* Debug */ = {
			isa = XCBuildConfiguration;
			buildSettings = {
				ALWAYS_SEARCH_USER_PATHS = NO;
				ASSETCATALOG_COMPILER_GENERATE_SWIFT_ASSET_SYMBOL_EXTENSIONS = YES;
				CLANG_ANALYZER_NONNULL = YES;
				CLANG_ANALYZER_NUMBER_OBJECT_CONVERSION = YES_AGGRESSIVE;
				CLANG_CXX_LANGUAGE_STANDARD = "gnu++20";
				CLANG_ENABLE_MODULES = YES;
				CLANG_ENABLE_OBJC_ARC = YES;
				CLANG_ENABLE_OBJC_WEAK = YES;
				CLANG_WARN_BLOCK_CAPTURE_AUTORELEASING = YES;
				CLANG_WARN_BOOL_CONVERSION = YES;
				CLANG_WARN_COMMA = YES;
				CLANG_WARN_CONSTANT_CONVERSION = YES;
				CLANG_WARN_DEPRECATED_OBJC_IMPLEMENTATIONS = YES;
				CLANG_WARN_DIRECT_OBJC_ISA_USAGE = YES_ERROR;
				CLANG_WARN_DOCUMENTATION_COMMENTS = YES;
				CLANG_WARN_EMPTY_BODY = YES;
				CLANG_WARN_ENUM_CONVERSION = YES;
				CLANG_WARN_INFINITE_RECURSION = YES;
				CLANG_WARN_INT_CONVERSION = YES;
				CLANG_WARN_NON_LITERAL_NULL_CONVERSION = YES;
				CLANG_WARN_OBJC_IMPLICIT_RETAIN_SELF = YES;
				CLANG_WARN_OBJC_LITERAL_CONVERSION = YES;
				CLANG_WARN_OBJC_ROOT_CLASS = YES_ERROR;
				CLANG_WARN_QUOTED_INCLUDE_IN_FRAMEWORK_HEADER = YES;
				CLANG_WARN_RANGE_LOOP_ANALYSIS = YES;
				CLANG_WARN_STRICT_PROTOTYPES = YES;
				CLANG_WARN_SUSPICIOUS_MOVE = YES;
				CLANG_WARN_UNGUARDED_AVAILABILITY = YES_AGGRESSIVE;
				CLANG_WARN_UNREACHABLE_CODE = YES;
				CLANG_WARN__DUPLICATE_METHOD_MATCH = YES;
				COPY_PHASE_STRIP = NO;
				DEBUG_INFORMATION_FORMAT = dwarf;
				DEVELOPMENT_TEAM = 4DXF4PAP5P;
				ENABLE_STRICT_OBJC_MSGSEND = YES;
				ENABLE_TESTABILITY = YES;
				ENABLE_USER_SCRIPT_SANDBOXING = YES;
				GCC_C_LANGUAGE_STANDARD = gnu17;
				GCC_DYNAMIC_NO_PIC = NO;
				GCC_NO_COMMON_BLOCKS = YES;
				GCC_OPTIMIZATION_LEVEL = 0;
				GCC_PREPROCESSOR_DEFINITIONS = (
					"DEBUG=1",
					"$(inherited)",
				);
				GCC_WARN_64_TO_32_BIT_CONVERSION = YES;
				GCC_WARN_ABOUT_RETURN_TYPE = YES_ERROR;
				GCC_WARN_UNDECLARED_SELECTOR = YES;
				GCC_WARN_UNINITIALIZED_AUTOS = YES_AGGRESSIVE;
				GCC_WARN_UNUSED_FUNCTION = YES;
				GCC_WARN_UNUSED_VARIABLE = YES;
				IPHONEOS_DEPLOYMENT_TARGET = 18.4;
				LOCALIZATION_PREFERS_STRING_CATALOGS = YES;
				MTL_ENABLE_DEBUG_INFO = INCLUDE_SOURCE;
				MTL_FAST_MATH = YES;
				ONLY_ACTIVE_ARCH = YES;
				SDKROOT = iphoneos;
				SWIFT_ACTIVE_COMPILATION_CONDITIONS = "DEBUG $(inherited)";
				SWIFT_OPTIMIZATION_LEVEL = "-Onone";
			};
			name = Debug;
		};
		A762B6002DC149AC00638D71 /* Release */ = {
			isa = XCBuildConfiguration;
			buildSettings = {
				ALWAYS_SEARCH_USER_PATHS = NO;
				ASSETCATALOG_COMPILER_GENERATE_SWIFT_ASSET_SYMBOL_EXTENSIONS = YES;
				CLANG_ANALYZER_NONNULL = YES;
				CLANG_ANALYZER_NUMBER_OBJECT_CONVERSION = YES_AGGRESSIVE;
				CLANG_CXX_LANGUAGE_STANDARD = "gnu++20";
				CLANG_ENABLE_MODULES = YES;
				CLANG_ENABLE_OBJC_ARC = YES;
				CLANG_ENABLE_OBJC_WEAK = YES;
				CLANG_WARN_BLOCK_CAPTURE_AUTORELEASING = YES;
				CLANG_WARN_BOOL_CONVERSION = YES;
				CLANG_WARN_COMMA = YES;
				CLANG_WARN_CONSTANT_CONVERSION = YES;
				CLANG_WARN_DEPRECATED_OBJC_IMPLEMENTATIONS = YES;
				CLANG_WARN_DIRECT_OBJC_ISA_USAGE = YES_ERROR;
				CLANG_WARN_DOCUMENTATION_COMMENTS = YES;
				CLANG_WARN_EMPTY_BODY = YES;
				CLANG_WARN_ENUM_CONVERSION = YES;
				CLANG_WARN_INFINITE_RECURSION = YES;
				CLANG_WARN_INT_CONVERSION = YES;
				CLANG_WARN_NON_LITERAL_NULL_CONVERSION = YES;
				CLANG_WARN_OBJC_IMPLICIT_RETAIN_SELF = YES;
				CLANG_WARN_OBJC_LITERAL_CONVERSION = YES;
				CLANG_WARN_OBJC_ROOT_CLASS = YES_ERROR;
				CLANG_WARN_QUOTED_INCLUDE_IN_FRAMEWORK_HEADER = YES;
				CLANG_WARN_RANGE_LOOP_ANALYSIS = YES;
				CLANG_WARN_STRICT_PROTOTYPES = YES;
				CLANG_WARN_SUSPICIOUS_MOVE = YES;
				CLANG_WARN_UNGUARDED_AVAILABILITY = YES_AGGRESSIVE;
				CLANG_WARN_UNREACHABLE_CODE = YES;
				CLANG_WARN__DUPLICATE_METHOD_MATCH = YES;
				COPY_PHASE_STRIP = NO;
				DEBUG_INFORMATION_FORMAT = "dwarf-with-dsym";
				DEVELOPMENT_TEAM = 4DXF4PAP5P;
				ENABLE_NS_ASSERTIONS = NO;
				ENABLE_STRICT_OBJC_MSGSEND = YES;
				ENABLE_USER_SCRIPT_SANDBOXING = YES;
				GCC_C_LANGUAGE_STANDARD = gnu17;
				GCC_NO_COMMON_BLOCKS = YES;
				GCC_WARN_64_TO_32_BIT_CONVERSION = YES;
				GCC_WARN_ABOUT_RETURN_TYPE = YES_ERROR;
				GCC_WARN_UNDECLARED_SELECTOR = YES;
				GCC_WARN_UNINITIALIZED_AUTOS = YES_AGGRESSIVE;
				GCC_WARN_UNUSED_FUNCTION = YES;
				GCC_WARN_UNUSED_VARIABLE = YES;
				IPHONEOS_DEPLOYMENT_TARGET = 18.4;
				LOCALIZATION_PREFERS_STRING_CATALOGS = YES;
				MTL_ENABLE_DEBUG_INFO = NO;
				MTL_FAST_MATH = YES;
				SDKROOT = iphoneos;
				SWIFT_COMPILATION_MODE = wholemodule;
				VALIDATE_PRODUCT = YES;
			};
			name = Release;
		};
		A762B6022DC149AC00638D71 /* Debug */ = {
			isa = XCBuildConfiguration;
			buildSettings = {
				ASSETCATALOG_COMPILER_APPICON_NAME = "App Icon";
				ASSETCATALOG_COMPILER_GLOBAL_ACCENT_COLOR_NAME = AccentColor;
				ASSETCATALOG_COMPILER_INCLUDE_ALL_APPICON_ASSETS = NO;
				CODE_SIGN_ENTITLEMENTS = OneBigThing/OneBigThing.entitlements;
				CODE_SIGN_STYLE = Automatic;
				CURRENT_PROJECT_VERSION = 1;
				DEVELOPMENT_TEAM = 4DXF4PAP5P;
				ENABLE_PREVIEWS = YES;
				GENERATE_INFOPLIST_FILE = YES;
				INFOPLIST_KEY_CFBundleDisplayName = "One Big Thing";
				INFOPLIST_KEY_LSApplicationCategoryType = "public.app-category.productivity";
				INFOPLIST_KEY_UIApplicationSceneManifest_Generation = YES;
				INFOPLIST_KEY_UIApplicationSupportsIndirectInputEvents = YES;
				INFOPLIST_KEY_UILaunchScreen_Generation = YES;
				INFOPLIST_KEY_UISupportedInterfaceOrientations = UIInterfaceOrientationPortrait;
				IPHONEOS_DEPLOYMENT_TARGET = 15.6;
				LD_RUNPATH_SEARCH_PATHS = (
					"$(inherited)",
					"@executable_path/Frameworks",
				);
				MARKETING_VERSION = 0.1;
				PRODUCT_BUNDLE_IDENTIFIER = com.thomaschatting.OneBigThing;
				PRODUCT_NAME = "$(TARGET_NAME)";
				SWIFT_EMIT_LOC_STRINGS = YES;
				SWIFT_VERSION = 5.0;
				TARGETED_DEVICE_FAMILY = "1,2";
			};
			name = Debug;
		};
		A762B6032DC149AC00638D71 /* Release */ = {
			isa = XCBuildConfiguration;
			buildSettings = {
				ASSETCATALOG_COMPILER_APPICON_NAME = "App Icon";
				ASSETCATALOG_COMPILER_GLOBAL_ACCENT_COLOR_NAME = AccentColor;
				ASSETCATALOG_COMPILER_INCLUDE_ALL_APPICON_ASSETS = NO;
				CODE_SIGN_ENTITLEMENTS = OneBigThing/OneBigThing.entitlements;
				CODE_SIGN_STYLE = Automatic;
				CURRENT_PROJECT_VERSION = 1;
				DEVELOPMENT_TEAM = 4DXF4PAP5P;
				ENABLE_PREVIEWS = YES;
				GENERATE_INFOPLIST_FILE = YES;
				INFOPLIST_KEY_CFBundleDisplayName = "One Big Thing";
				INFOPLIST_KEY_LSApplicationCategoryType = "public.app-category.productivity";
				INFOPLIST_KEY_UIApplicationSceneManifest_Generation = YES;
				INFOPLIST_KEY_UIApplicationSupportsIndirectInputEvents = YES;
				INFOPLIST_KEY_UILaunchScreen_Generation = YES;
				INFOPLIST_KEY_UISupportedInterfaceOrientations = UIInterfaceOrientationPortrait;
				IPHONEOS_DEPLOYMENT_TARGET = 15.6;
				LD_RUNPATH_SEARCH_PATHS = (
					"$(inherited)",
					"@executable_path/Frameworks",
				);
				MARKETING_VERSION = 0.1;
				PRODUCT_BUNDLE_IDENTIFIER = com.thomaschatting.OneBigThing;
				PRODUCT_NAME = "$(TARGET_NAME)";
				SWIFT_EMIT_LOC_STRINGS = YES;
				SWIFT_VERSION = 5.0;
				TARGETED_DEVICE_FAMILY = "1,2";
			};
			name = Release;
		};
		A762B6052DC149AC00638D71 /* Debug */ = {
			isa = XCBuildConfiguration;
			buildSettings = {
				BUNDLE_LOADER = "$(TEST_HOST)";
				CODE_SIGN_STYLE = Automatic;
				CURRENT_PROJECT_VERSION = 1;
				DEVELOPMENT_TEAM = 4DXF4PAP5P;
				GENERATE_INFOPLIST_FILE = YES;
				IPHONEOS_DEPLOYMENT_TARGET = 18.4;
				MARKETING_VERSION = 1.0;
				PRODUCT_BUNDLE_IDENTIFIER = com.thomaschatting.OneBigThingTests;
				PRODUCT_NAME = "$(TARGET_NAME)";
				SWIFT_EMIT_LOC_STRINGS = NO;
				SWIFT_VERSION = 5.0;
				TARGETED_DEVICE_FAMILY = "1,2";
				TEST_HOST = "$(BUILT_PRODUCTS_DIR)/OneBigThing.app/$(BUNDLE_EXECUTABLE_FOLDER_PATH)/OneBigThing";
			};
			name = Debug;
		};
		A762B6062DC149AC00638D71 /* Release */ = {
			isa = XCBuildConfiguration;
			buildSettings = {
				BUNDLE_LOADER = "$(TEST_HOST)";
				CODE_SIGN_STYLE = Automatic;
				CURRENT_PROJECT_VERSION = 1;
				DEVELOPMENT_TEAM = 4DXF4PAP5P;
				GENERATE_INFOPLIST_FILE = YES;
				IPHONEOS_DEPLOYMENT_TARGET = 18.4;
				MARKETING_VERSION = 1.0;
				PRODUCT_BUNDLE_IDENTIFIER = com.thomaschatting.OneBigThingTests;
				PRODUCT_NAME = "$(TARGET_NAME)";
				SWIFT_EMIT_LOC_STRINGS = NO;
				SWIFT_VERSION = 5.0;
				TARGETED_DEVICE_FAMILY = "1,2";
				TEST_HOST = "$(BUILT_PRODUCTS_DIR)/OneBigThing.app/$(BUNDLE_EXECUTABLE_FOLDER_PATH)/OneBigThing";
			};
			name = Release;
		};
		A762B6082DC149AC00638D71 /* Debug */ = {
			isa = XCBuildConfiguration;
			buildSettings = {
				CODE_SIGN_STYLE = Automatic;
				CURRENT_PROJECT_VERSION = 1;
				DEVELOPMENT_TEAM = 4DXF4PAP5P;
				GENERATE_INFOPLIST_FILE = YES;
				MARKETING_VERSION = 1.0;
				PRODUCT_BUNDLE_IDENTIFIER = com.thomaschatting.OneBigThingUITests;
				PRODUCT_NAME = "$(TARGET_NAME)";
				SWIFT_EMIT_LOC_STRINGS = NO;
				SWIFT_VERSION = 5.0;
				TARGETED_DEVICE_FAMILY = "1,2";
				TEST_TARGET_NAME = OneBigThing;
			};
			name = Debug;
		};
		A762B6092DC149AC00638D71 /* Release */ = {
			isa = XCBuildConfiguration;
			buildSettings = {
				CODE_SIGN_STYLE = Automatic;
				CURRENT_PROJECT_VERSION = 1;
				DEVELOPMENT_TEAM = 4DXF4PAP5P;
				GENERATE_INFOPLIST_FILE = YES;
				MARKETING_VERSION = 1.0;
				PRODUCT_BUNDLE_IDENTIFIER = com.thomaschatting.OneBigThingUITests;
				PRODUCT_NAME = "$(TARGET_NAME)";
				SWIFT_EMIT_LOC_STRINGS = NO;
				SWIFT_VERSION = 5.0;
				TARGETED_DEVICE_FAMILY = "1,2";
				TEST_TARGET_NAME = OneBigThing;
			};
			name = Release;
		};
/* End XCBuildConfiguration section */

/* Begin XCConfigurationList section */
		A762B5D92DC149AB00638D71 /* Build configuration list for PBXProject "OneBigThing" */ = {
			isa = XCConfigurationList;
			buildConfigurations = (
				A762B5FF2DC149AC00638D71 /* Debug */,
				A762B6002DC149AC00638D71 /* Release */,
			);
			defaultConfigurationIsVisible = 0;
			defaultConfigurationName = Release;
		};
		A762B6012DC149AC00638D71 /* Build configuration list for PBXNativeTarget "OneBigThing" */ = {
			isa = XCConfigurationList;
			buildConfigurations = (
				A762B6022DC149AC00638D71 /* Debug */,
				A762B6032DC149AC00638D71 /* Release */,
			);
			defaultConfigurationIsVisible = 0;
			defaultConfigurationName = Release;
		};
		A762B6042DC149AC00638D71 /* Build configuration list for PBXNativeTarget "OneBigThingTests" */ = {
			isa = XCConfigurationList;
			buildConfigurations = (
				A762B6052DC149AC00638D71 /* Debug */,
				A762B6062DC149AC00638D71 /* Release */,
			);
			defaultConfigurationIsVisible = 0;
			defaultConfigurationName = Release;
		};
		A762B6072DC149AC00638D71 /* Build configuration list for PBXNativeTarget "OneBigThingUITests" */ = {
			isa = XCConfigurationList;
			buildConfigurations = (
				A762B6082DC149AC00638D71 /* Debug */,
				A762B6092DC149AC00638D71 /* Release */,
			);
			defaultConfigurationIsVisible = 0;
			defaultConfigurationName = Release;
		};
/* End XCConfigurationList section */

/* Begin XCRemoteSwiftPackageReference section */
		A762B60D2DC15F3F00638D71 /* XCRemoteSwiftPackageReference "ConfettiSwiftUI" */ = {
			isa = XCRemoteSwiftPackageReference;
			repositoryURL = "https://github.com/simibac/ConfettiSwiftUI";
			requirement = {
				kind = upToNextMajorVersion;
				minimumVersion = 2.0.3;
			};
		};
/* End XCRemoteSwiftPackageReference section */

/* Begin XCSwiftPackageProductDependency section */
		A762B60E2DC15F3F00638D71 /* ConfettiSwiftUI */ = {
			isa = XCSwiftPackageProductDependency;
			package = A762B60D2DC15F3F00638D71 /* XCRemoteSwiftPackageReference "ConfettiSwiftUI" */;
			productName = ConfettiSwiftUI;
		};
/* End XCSwiftPackageProductDependency section */
	};
	rootObject = A762B5D62DC149AB00638D71 /* Project object */;
}
